{
  "originHash" : "1b601da2091eb0d45d5d5caad20e10c116c0ebf903dc863c985b7cb6c61fc1d8",
  "pins" : [
    {
      "identity" : "posthog-ios",
      "kind" : "remoteSourceControl",
      "location" : "https://github.com/PostHog/posthog-ios.git",
      "state" : {
        "revision" : "34393953f201f50280ba26abf967924470058161",
        "version" : "3.87.0"
      }
    }
  ],
  "version" : 3
}
